
Microsoft Visual Studio Solution File, Format Version 12.00
# Visual Studio 15
VisualStudioVersion = 15.0.26403.7
MinimumVisualStudioVersion = 10.0.40219.1
Project("{FAE04EC0-301F-11D3-BF4B-00C04F79EFBC}") = "Main form and Business Form", "Main form and Business Form\Main form and Business Form.csproj", "{702836C4-D804-4AB9-A40F-B461D5CF7DED}"
EndProject
Global
	GlobalSection(SolutionConfigurationPlatforms) = preSolution
		Debug|Any CPU = Debug|Any CPU
		Release|Any CPU = Release|Any CPU
	EndGlobalSection
	GlobalSection(ProjectConfigurationPlatforms) = postSolution
		{702836C4-D804-4AB9-A40F-B461D5CF7DED}.Debug|Any CPU.ActiveCfg = Debug|Any CPU
		{702836C4-D804-4AB9-A40F-B461D5CF7DED}.Debug|Any CPU.Build.0 = Debug|Any CPU
		{702836C4-D804-4AB9-A40F-B461D5CF7DED}.Release|Any CPU.ActiveCfg = Release|Any CPU
		{702836C4-D804-4AB9-A40F-B461D5CF7DED}.Release|Any CPU.Build.0 = Release|Any CPU
	EndGlobalSection
	GlobalSection(SolutionProperties) = preSolution
		HideSolutionNode = FALSE
	EndGlobalSection
EndGlobal
